
Microsoft Visual Studio Solution File, Format Version 12.00
# Visual Studio Version 16
VisualStudioVersion = 16.0.30320.27
MinimumVisualStudioVersion = 10.0.40219.1
Project("{FAE04EC0-301F-11D3-BF4B-00C04F79EFBC}") = "ConsoleApp_Homework11", "ConsoleApp_Homework11\ConsoleApp_Homework11.csproj", "{E9C583B5-04FC-4251-A325-18BEDC029063}"
EndProject
Global
	GlobalSection(SolutionConfigurationPlatforms) = preSolution
		Debug|Any CPU = Debug|Any CPU
		Release|Any CPU = Release|Any CPU
	EndGlobalSection
	GlobalSection(ProjectConfigurationPlatforms) = postSolution
		{E9C583B5-04FC-4251-A325-18BEDC029063}.Debug|Any CPU.ActiveCfg = Debug|Any CPU
		{E9C583B5-04FC-4251-A325-18BEDC029063}.Debug|Any CPU.Build.0 = Debug|Any CPU
		{E9C583B5-04FC-4251-A325-18BEDC029063}.Release|Any CPU.ActiveCfg = Release|Any CPU
		{E9C583B5-04FC-4251-A325-18BEDC029063}.Release|Any CPU.Build.0 = Release|Any CPU
	EndGlobalSection
	GlobalSection(SolutionProperties) = preSolution
		HideSolutionNode = FALSE
	EndGlobalSection
	GlobalSection(ExtensibilityGlobals) = postSolution
		SolutionGuid = {F985B923-E588-4273-AEBE-C26DCC095D90}
	EndGlobalSection
EndGlobal
